Microsoft Visual Studio Solution File, Format Version 12.00
# Visual Studio Version 17
VisualStudioVersion = 17.5.2.0
MinimumVisualStudioVersion = 10.0.40219.1
Project("{FAE04EC0-301F-11D3-BF4B-00C04F79EFBC}") = "Productos", "Productos.csproj", "{30E10975-8D0D-12BA-1E61-2ADC803CB7B9}"
EndProject
Global
	GlobalSection(SolutionConfigurationPlatforms) = preSolution
		Debug|Any CPU = Debug|Any CPU
		Release|Any CPU = Release|Any CPU
	EndGlobalSection
	GlobalSection(ProjectConfigurationPlatforms) = postSolution
		{30E10975-8D0D-12BA-1E61-2ADC803CB7B9}.Debug|Any CPU.ActiveCfg = Debug|Any CPU
		{30E10975-8D0D-12BA-1E61-2ADC803CB7B9}.Debug|Any CPU.Build.0 = Debug|Any CPU
		{30E10975-8D0D-12BA-1E61-2ADC803CB7B9}.Release|Any CPU.ActiveCfg = Release|Any CPU
		{30E10975-8D0D-12BA-1E61-2ADC803CB7B9}.Release|Any CPU.Build.0 = Release|Any CPU
	EndGlobalSection
	GlobalSection(SolutionProperties) = preSolution
		HideSolutionNode = FALSE
	EndGlobalSection
	GlobalSection(ExtensibilityGlobals) = postSolution
		SolutionGuid = {2081AA10-9A7D-4800-B599-0E0562477352}
	EndGlobalSection
EndGlobal
